// !$*UTF8*$!
{
	archiveVersion = 1;
	classes = {
	};
	objectVersion = 55;
	objects = {

/* Begin PBXBuildFile section */
		364B86D528243E1600193C20 /* LogadoView.swift in Sources */ = {isa = PBXBuildFile; fileRef = 364B86D428243E1600193C20 /* LogadoView.swift */; };
		364B86DA2824438D00193C20 /* RegisterView.swift in Sources */ = {isa = PBXBuildFile; fileRef = 364B86D92824438D00193C20 /* RegisterView.swift */; };
		364B86DD2824482500193C20 /* CustomCardCell.swift in Sources */ = {isa = PBXBuildFile; fileRef = 364B86DB2824482500193C20 /* CustomCardCell.swift */; };
		364B86DE2824482500193C20 /* CustomCardCell.xib in Resources */ = {isa = PBXBuildFile; fileRef = 364B86DC2824482500193C20 /* CustomCardCell.xib */; };
		364B86E128244E2300193C20 /* RegisterController.swift in Sources */ = {isa = PBXBuildFile; fileRef = 364B86E028244E2300193C20 /* RegisterController.swift */; };
		364B86E328244E3C00193C20 /* RegisterModel.swift in Sources */ = {isa = PBXBuildFile; fileRef = 364B86E228244E3C00193C20 /* RegisterModel.swift */; };
		36F25B16282435A500197A54 /* AppDelegate.swift in Sources */ = {isa = PBXBuildFile; fileRef = 36F25B15282435A500197A54 /* AppDelegate.swift */; };
		36F25B18282435A500197A54 /* SceneDelegate.swift in Sources */ = {isa = PBXBuildFile; fileRef = 36F25B17282435A500197A54 /* SceneDelegate.swift */; };
		36F25B1A282435A500197A54 /* HomeView.swift in Sources */ = {isa = PBXBuildFile; fileRef = 36F25B19282435A500197A54 /* HomeView.swift */; };
		36F25B1D282435A500197A54 /* Main.storyboard in Resources */ = {isa = PBXBuildFile; fileRef = 36F25B1B282435A500197A54 /* Main.storyboard */; };
		36F25B1F282435A500197A54 /* Assets.xcassets in Resources */ = {isa = PBXBuildFile; fileRef = 36F25B1E282435A500197A54 /* Assets.xcassets */; };
		36F25B22282435A500197A54 /* LaunchScreen.storyboard in Resources */ = {isa = PBXBuildFile; fileRef = 36F25B20282435A500197A54 /* LaunchScreen.storyboard */; };
		36F25B302824382A00197A54 /* HomeController.swift in Sources */ = {isa = PBXBuildFile; fileRef = 36F25B2F2824382A00197A54 /* HomeController.swift */; };
		36F25B322824384400197A54 /* HomeModel.swift in Sources */ = {isa = PBXBuildFile; fileRef = 36F25B312824384400197A54 /* HomeModel.swift */; };
/* End PBXBuildFile section */

/* Begin PBXFileReference section */
		364B86D428243E1600193C20 /* LogadoView.swift */ = {isa = PBXFileReference; lastKnownFileType = sourcecode.swift; path = LogadoView.swift; sourceTree = "<group>"; };
		364B86D92824438D00193C20 /* RegisterView.swift */ = {isa = PBXFileReference; lastKnownFileType = sourcecode.swift; path = RegisterView.swift; sourceTree = "<group>"; };
		364B86DB2824482500193C20 /* CustomCardCell.swift */ = {isa = PBXFileReference; lastKnownFileType = sourcecode.swift; path = CustomCardCell.swift; sourceTree = "<group>"; };
		364B86DC2824482500193C20 /* CustomCardCell.xib */ = {isa = PBXFileReference; lastKnownFileType = file.xib; path = CustomCardCell.xib; sourceTree = "<group>"; };
		364B86E028244E2300193C20 /* RegisterController.swift */ = {isa = PBXFileReference; lastKnownFileType = sourcecode.swift; path = RegisterController.swift; sourceTree = "<group>"; };
		364B86E228244E3C00193C20 /* RegisterModel.swift */ = {isa = PBXFileReference; lastKnownFileType = sourcecode.swift; path = RegisterModel.swift; sourceTree = "<group>"; };
		36F25B12282435A500197A54 /* Tela Login (att).app */ = {isa = PBXFileReference; explicitFileType = wrapper.application; includeInIndex = 0; path = "Tela Login (att).app"; sourceTree = BUILT_PRODUCTS_DIR; };
		36F25B15282435A500197A54 /* AppDelegate.swift */ = {isa = PBXFileReference; lastKnownFileType = sourcecode.swift; path = AppDelegate.swift; sourceTree = "<group>"; };
		36F25B17282435A500197A54 /* SceneDelegate.swift */ = {isa = PBXFileReference; lastKnownFileType = sourcecode.swift; path = SceneDelegate.swift; sourceTree = "<group>"; };
		36F25B19282435A500197A54 /* HomeView.swift */ = {isa = PBXFileReference; lastKnownFileType = sourcecode.swift; path = HomeView.swift; sourceTree = "<group>"; };
		36F25B1C282435A500197A54 /* Base */ = {isa = PBXFileReference; lastKnownFileType = file.storyboard; name = Base; path = Base.lproj/Main.storyboard; sourceTree = "<group>"; };
		36F25B1E282435A500197A54 /* Assets.xcassets */ = {isa = PBXFileReference; lastKnownFileType = folder.assetcatalog; path = Assets.xcassets; sourceTree = "<group>"; };
		36F25B21282435A500197A54 /* Base */ = {isa = PBXFileReference; lastKnownFileType = file.storyboard; name = Base; path = Base.lproj/LaunchScreen.storyboard; sourceTree = "<group>"; };
		36F25B23282435A500197A54 /* Info.plist */ = {isa = PBXFileReference; lastKnownFileType = text.plist.xml; path = Info.plist; sourceTree = "<group>"; };
		36F25B2F2824382A00197A54 /* HomeController.swift */ = {isa = PBXFileReference; lastKnownFileType = sourcecode.swift; path = HomeController.swift; sourceTree = "<group>"; };
		36F25B312824384400197A54 /* HomeModel.swift */ = {isa = PBXFileReference; lastKnownFileType = sourcecode.swift; path = HomeModel.swift; sourceTree = "<group>"; };
/* End PBXFileReference section */

/* Begin PBXFrameworksBuildPhase section */
		36F25B0F282435A500197A54 /* Frameworks */ = {
			isa = PBXFrameworksBuildPhase;
			buildActionMask = 2147483647;
			files = (
			);
			runOnlyForDeploymentPostprocessing = 0;
		};
/* End PBXFrameworksBuildPhase section */

/* Begin PBXGroup section */
		364B86D128243DC100193C20 /* Model */ = {
			isa = PBXGroup;
			children = (
			);
			path = Model;
			sourceTree = "<group>";
		};
		364B86D228243DCF00193C20 /* View */ = {
			isa = PBXGroup;
			children = (
				364B86D428243E1600193C20 /* LogadoView.swift */,
			);
			path = View;
			sourceTree = "<group>";
		};
		364B86D328243DD500193C20 /* Controller */ = {
			isa = PBXGroup;
			children = (
			);
			path = Controller;
			sourceTree = "<group>";
		};
		364B86D62824434D00193C20 /* Controller */ = {
			isa = PBXGroup;
			children = (
				364B86E028244E2300193C20 /* RegisterController.swift */,
			);
			path = Controller;
			sourceTree = "<group>";
		};
		364B86D72824435800193C20 /* View */ = {
			isa = PBXGroup;
			children = (
				364B86D92824438D00193C20 /* RegisterView.swift */,
			);
			path = View;
			sourceTree = "<group>";
		};
		364B86D82824435E00193C20 /* Model */ = {
			isa = PBXGroup;
			children = (
				364B86E228244E3C00193C20 /* RegisterModel.swift */,
			);
			path = Model;
			sourceTree = "<group>";
		};
		364B86DF2824483E00193C20 /* Cell */ = {
			isa = PBXGroup;
			children = (
				364B86DB2824482500193C20 /* CustomCardCell.swift */,
				364B86DC2824482500193C20 /* CustomCardCell.xib */,
			);
			path = Cell;
			sourceTree = "<group>";
		};
		36F25B09282435A500197A54 = {
			isa = PBXGroup;
			children = (
				36F25B14282435A500197A54 /* Tela Login (att) */,
				36F25B13282435A500197A54 /* Products */,
			);
			sourceTree = "<group>";
		};
		36F25B13282435A500197A54 /* Products */ = {
			isa = PBXGroup;
			children = (
				36F25B12282435A500197A54 /* Tela Login (att).app */,
			);
			name = Products;
			sourceTree = "<group>";
		};
		36F25B14282435A500197A54 /* Tela Login (att) */ = {
			isa = PBXGroup;
			children = (
				36F25B2B2824375700197A54 /* Logado */,
				36F25B2A2824375000197A54 /* Register */,
				36F25B292824373A00197A54 /* HomeLogin */,
				36F25B15282435A500197A54 /* AppDelegate.swift */,
				36F25B17282435A500197A54 /* SceneDelegate.swift */,
				36F25B1B282435A500197A54 /* Main.storyboard */,
				36F25B1E282435A500197A54 /* Assets.xcassets */,
				36F25B20282435A500197A54 /* LaunchScreen.storyboard */,
				36F25B23282435A500197A54 /* Info.plist */,
			);
			path = "Tela Login (att)";
			sourceTree = "<group>";
		};
		36F25B292824373A00197A54 /* HomeLogin */ = {
			isa = PBXGroup;
			children = (
				36F25B2E282437B900197A54 /* Model */,
				36F25B2C282437A500197A54 /* View */,
				36F25B2D282437AF00197A54 /* Controller */,
			);
			path = HomeLogin;
			sourceTree = "<group>";
		};
		36F25B2A2824375000197A54 /* Register */ = {
			isa = PBXGroup;
			children = (
				364B86D82824435E00193C20 /* Model */,
				364B86D72824435800193C20 /* View */,
				364B86D62824434D00193C20 /* Controller */,
			);
			path = Register;
			sourceTree = "<group>";
		};
		36F25B2B2824375700197A54 /* Logado */ = {
			isa = PBXGroup;
			children = (
				364B86DF2824483E00193C20 /* Cell */,
				364B86D128243DC100193C20 /* Model */,
				364B86D228243DCF00193C20 /* View */,
				364B86D328243DD500193C20 /* Controller */,
			);
			path = Logado;
			sourceTree = "<group>";
		};
		36F25B2C282437A500197A54 /* View */ = {
			isa = PBXGroup;
			children = (
				36F25B19282435A500197A54 /* HomeView.swift */,
			);
			path = View;
			sourceTree = "<group>";
		};
		36F25B2D282437AF00197A54 /* Controller */ = {
			isa = PBXGroup;
			children = (
				36F25B2F2824382A00197A54 /* HomeController.swift */,
			);
			path = Controller;
			sourceTree = "<group>";
		};
		36F25B2E282437B900197A54 /* Model */ = {
			isa = PBXGroup;
			children = (
				36F25B312824384400197A54 /* HomeModel.swift */,
			);
			path = Model;
			sourceTree = "<group>";
		};
/* End PBXGroup section */

/* Begin PBXNativeTarget section */
		36F25B11282435A500197A54 /* Tela Login (att) */ = {
			isa = PBXNativeTarget;
			buildConfigurationList = 36F25B26282435A500197A54 /* Build configuration list for PBXNativeTarget "Tela Login (att)" */;
			buildPhases = (
				36F25B0E282435A500197A54 /* Sources */,
				36F25B0F282435A500197A54 /* Frameworks */,
				36F25B10282435A500197A54 /* Resources */,
			);
			buildRules = (
			);
			dependencies = (
			);
			name = "Tela Login (att)";
			productName = "Tela Login (att)";
			productReference = 36F25B12282435A500197A54 /* Tela Login (att).app */;
			productType = "com.apple.product-type.application";
		};
/* End PBXNativeTarget section */

/* Begin PBXProject section */
		36F25B0A282435A500197A54 /* Project object */ = {
			isa = PBXProject;
			attributes = {
				BuildIndependentTargetsInParallel = 1;
				LastSwiftUpdateCheck = 1330;
				LastUpgradeCheck = 1330;
				TargetAttributes = {
					36F25B11282435A500197A54 = {
						CreatedOnToolsVersion = 13.3.1;
					};
				};
			};
			buildConfigurationList = 36F25B0D282435A500197A54 /* Build configuration list for PBXProject "Tela Login (att)" */;
			compatibilityVersion = "Xcode 13.0";
			developmentRegion = en;
			hasScannedForEncodings = 0;
			knownRegions = (
				en,
				Base,
			);
			mainGroup = 36F25B09282435A500197A54;
			productRefGroup = 36F25B13282435A500197A54 /* Products */;
			projectDirPath = "";
			projectRoot = "";
			targets = (
				36F25B11282435A500197A54 /* Tela Login (att) */,
			);
		};
/* End PBXProject section */

/* Begin PBXResourcesBuildPhase section */
		36F25B10282435A500197A54 /* Resources */ = {
			isa = PBXResourcesBuildPhase;
			buildActionMask = 2147483647;
			files = (
				364B86DE2824482500193C20 /* CustomCardCell.xib in Resources */,
				36F25B22282435A500197A54 /* LaunchScreen.storyboard in Resources */,
				36F25B1F282435A500197A54 /* Assets.xcassets in Resources */,
				36F25B1D282435A500197A54 /* Main.storyboard in Resources */,
			);
			runOnlyForDeploymentPostprocessing = 0;
		};
/* End PBXResourcesBuildPhase section */

/* Begin PBXSourcesBuildPhase section */
		36F25B0E282435A500197A54 /* Sources */ = {
			isa = PBXSourcesBuildPhase;
			buildActionMask = 2147483647;
			files = (
				36F25B302824382A00197A54 /* HomeController.swift in Sources */,
				36F25B1A282435A500197A54 /* HomeView.swift in Sources */,
				36F25B16282435A500197A54 /* AppDelegate.swift in Sources */,
				364B86DA2824438D00193C20 /* RegisterView.swift in Sources */,
				364B86DD2824482500193C20 /* CustomCardCell.swift in Sources */,
				36F25B322824384400197A54 /* HomeModel.swift in Sources */,
				364B86E328244E3C00193C20 /* RegisterModel.swift in Sources */,
				364B86D528243E1600193C20 /* LogadoView.swift in Sources */,
				36F25B18282435A500197A54 /* SceneDelegate.swift in Sources */,
				364B86E128244E2300193C20 /* RegisterController.swift in Sources */,
			);
			runOnlyForDeploymentPostprocessing = 0;
		};
/* End PBXSourcesBuildPhase section */

/* Begin PBXVariantGroup section */
		36F25B1B282435A500197A54 /* Main.storyboard */ = {
			isa = PBXVariantGroup;
			children = (
				36F25B1C282435A500197A54 /* Base */,
			);
			name = Main.storyboard;
			sourceTree = "<group>";
		};
		36F25B20282435A500197A54 /* LaunchScreen.storyboard */ = {
			isa = PBXVariantGroup;
			children = (
				36F25B21282435A500197A54 /* Base */,
			);
			name = LaunchScreen.storyboard;
			sourceTree = "<group>";
		};
/* End PBXVariantGroup section */

/* Begin XCBuildConfiguration section */
		36F25B24282435A500197A54 /* Debug */ = {
			isa = XCBuildConfiguration;
			buildSettings = {
				ALWAYS_SEARCH_USER_PATHS = NO;
				CLANG_ANALYZER_NONNULL = YES;
				CLANG_ANALYZER_NUMBER_OBJECT_CONVERSION = YES_AGGRESSIVE;
				CLANG_CXX_LANGUAGE_STANDARD = "gnu++17";
				CLANG_ENABLE_MODULES = YES;
				CLANG_ENABLE_OBJC_ARC = YES;
				CLANG_ENABLE_OBJC_WEAK = YES;
				CLANG_WARN_BLOCK_CAPTURE_AUTORELEASING = YES;
				CLANG_WARN_BOOL_CONVERSION = YES;
				CLANG_WARN_COMMA = YES;
				CLANG_WARN_CONSTANT_CONVERSION = YES;
				CLANG_WARN_DEPRECATED_OBJC_IMPLEMENTATIONS = YES;
				CLANG_WARN_DIRECT_OBJC_ISA_USAGE = YES_ERROR;
				CLANG_WARN_DOCUMENTATION_COMMENTS = YES;
				CLANG_WARN_EMPTY_BODY = YES;
				CLANG_WARN_ENUM_CONVERSION = YES;
				CLANG_WARN_INFINITE_RECURSION = YES;
				CLANG_WARN_INT_CONVERSION = YES;
				CLANG_WARN_NON_LITERAL_NULL_CONVERSION = YES;
				CLANG_WARN_OBJC_IMPLICIT_RETAIN_SELF = YES;
				CLANG_WARN_OBJC_LITERAL_CONVERSION = YES;
				CLANG_WARN_OBJC_ROOT_CLASS = YES_ERROR;
				CLANG_WARN_QUOTED_INCLUDE_IN_FRAMEWORK_HEADER = YES;
				CLANG_WARN_RANGE_LOOP_ANALYSIS = YES;
				CLANG_WARN_STRICT_PROTOTYPES = YES;
				CLANG_WARN_SUSPICIOUS_MOVE = YES;
				CLANG_WARN_UNGUARDED_AVAILABILITY = YES_AGGRESSIVE;
				CLANG_WARN_UNREACHABLE_CODE = YES;
				CLANG_WARN__DUPLICATE_METHOD_MATCH = YES;
				COPY_PHASE_STRIP = NO;
				DEBUG_INFORMATION_FORMAT = dwarf;
				ENABLE_STRICT_OBJC_MSGSEND = YES;
				ENABLE_TESTABILITY = YES;
				GCC_C_LANGUAGE_STANDARD = gnu11;
				GCC_DYNAMIC_NO_PIC = NO;
				GCC_NO_COMMON_BLOCKS = YES;
				GCC_OPTIMIZATION_LEVEL = 0;
				GCC_PREPROCESSOR_DEFINITIONS = (
					"DEBUG=1",
					"$(inherited)",
				);
				GCC_WARN_64_TO_32_BIT_CONVERSION = YES;
				GCC_WARN_ABOUT_RETURN_TYPE = YES_ERROR;
				GCC_WARN_UNDECLARED_SELECTOR = YES;
				GCC_WARN_UNINITIALIZED_AUTOS = YES_AGGRESSIVE;
				GCC_WARN_UNUSED_FUNCTION = YES;
				GCC_WARN_UNUSED_VARIABLE = YES;
				IPHONEOS_DEPLOYMENT_TARGET = 15.4;
				MTL_ENABLE_DEBUG_INFO = INCLUDE_SOURCE;
				MTL_FAST_MATH = YES;
				ONLY_ACTIVE_ARCH = YES;
				SDKROOT = iphoneos;
				SWIFT_ACTIVE_COMPILATION_CONDITIONS = DEBUG;
				SWIFT_OPTIMIZATION_LEVEL = "-Onone";
			};
			name = Debug;
		};
		36F25B25282435A500197A54 /* Release */ = {
			isa = XCBuildConfiguration;
			buildSettings = {
				ALWAYS_SEARCH_USER_PATHS = NO;
				CLANG_ANALYZER_NONNULL = YES;
				CLANG_ANALYZER_NUMBER_OBJECT_CONVERSION = YES_AGGRESSIVE;
				CLANG_CXX_LANGUAGE_STANDARD = "gnu++17";
				CLANG_ENABLE_MODULES = YES;
				CLANG_ENABLE_OBJC_ARC = YES;
				CLANG_ENABLE_OBJC_WEAK = YES;
				CLANG_WARN_BLOCK_CAPTURE_AUTORELEASING = YES;
				CLANG_WARN_BOOL_CONVERSION = YES;
				CLANG_WARN_COMMA = YES;
				CLANG_WARN_CONSTANT_CONVERSION = YES;
				CLANG_WARN_DEPRECATED_OBJC_IMPLEMENTATIONS = YES;
				CLANG_WARN_DIRECT_OBJC_ISA_USAGE = YES_ERROR;
				CLANG_WARN_DOCUMENTATION_COMMENTS = YES;
				CLANG_WARN_EMPTY_BODY = YES;
				CLANG_WARN_ENUM_CONVERSION = YES;
				CLANG_WARN_INFINITE_RECURSION = YES;
				CLANG_WARN_INT_CONVERSION = YES;
				CLANG_WARN_NON_LITERAL_NULL_CONVERSION = YES;
				CLANG_WARN_OBJC_IMPLICIT_RETAIN_SELF = YES;
				CLANG_WARN_OBJC_LITERAL_CONVERSION = YES;
				CLANG_WARN_OBJC_ROOT_CLASS = YES_ERROR;
				CLANG_WARN_QUOTED_INCLUDE_IN_FRAMEWORK_HEADER = YES;
				CLANG_WARN_RANGE_LOOP_ANALYSIS = YES;
				CLANG_WARN_STRICT_PROTOTYPES = YES;
				CLANG_WARN_SUSPICIOUS_MOVE = YES;
				CLANG_WARN_UNGUARDED_AVAILABILITY = YES_AGGRESSIVE;
				CLANG_WARN_UNREACHABLE_CODE = YES;
				CLANG_WARN__DUPLICATE_METHOD_MATCH = YES;
				COPY_PHASE_STRIP = NO;
				DEBUG_INFORMATION_FORMAT = "dwarf-with-dsym";
				ENABLE_NS_ASSERTIONS = NO;
				ENABLE_STRICT_OBJC_MSGSEND = YES;
				GCC_C_LANGUAGE_STANDARD = gnu11;
				GCC_NO_COMMON_BLOCKS = YES;
				GCC_WARN_64_TO_32_BIT_CONVERSION = YES;
				GCC_WARN_ABOUT_RETURN_TYPE = YES_ERROR;
				GCC_WARN_UNDECLARED_SELECTOR = YES;
				GCC_WARN_UNINITIALIZED_AUTOS = YES_AGGRESSIVE;
				GCC_WARN_UNUSED_FUNCTION = YES;
				GCC_WARN_UNUSED_VARIABLE = YES;
				IPHONEOS_DEPLOYMENT_TARGET = 15.4;
				MTL_ENABLE_DEBUG_INFO = NO;
				MTL_FAST_MATH = YES;
				SDKROOT = iphoneos;
				SWIFT_COMPILATION_MODE = wholemodule;
				SWIFT_OPTIMIZATION_LEVEL = "-O";
				VALIDATE_PRODUCT = YES;
			};
			name = Release;
		};
		36F25B27282435A500197A54 /* Debug */ = {
			isa = XCBuildConfiguration;
			buildSettings = {
				ASSETCATALOG_COMPILER_APPICON_NAME = AppIcon;
				ASSETCATALOG_COMPILER_GLOBAL_ACCENT_COLOR_NAME = AccentColor;
				CODE_SIGN_STYLE = Automatic;
				CURRENT_PROJECT_VERSION = 1;
				GENERATE_INFOPLIST_FILE = YES;
				INFOPLIST_FILE = "Tela Login (att)/Info.plist";
				INFOPLIST_KEY_UIApplicationSupportsIndirectInputEvents = YES;
				INFOPLIST_KEY_UILaunchStoryboardName = LaunchScreen;
				INFOPLIST_KEY_UIMainStoryboardFile = Main;
				INFOPLIST_KEY_UISupportedInterfaceOrientations_iPad = "UIInterfaceOrientationPortrait UIInterfaceOrientationPortraitUpsideDown UIInterfaceOrientationLandscapeLeft UIInterfaceOrientationLandscapeRight";
				INFOPLIST_KEY_UISupportedInterfaceOrientations_iPhone = "UIInterfaceOrientationPortrait UIInterfaceOrientationLandscapeLeft UIInterfaceOrientationLandscapeRight";
				LD_RUNPATH_SEARCH_PATHS = (
					"$(inherited)",
					"@executable_path/Frameworks",
				);
				MARKETING_VERSION = 1.0;
				PRODUCT_BUNDLE_IDENTIFIER = "Thiago-Fernandes.Tela-Login--att-";
				PRODUCT_NAME = "$(TARGET_NAME)";
				SWIFT_EMIT_LOC_STRINGS = YES;
				SWIFT_VERSION = 5.0;
				TARGETED_DEVICE_FAMILY = 1;
			};
			name = Debug;
		};
		36F25B28282435A500197A54 /* Release */ = {
			isa = XCBuildConfiguration;
			buildSettings = {
				ASSETCATALOG_COMPILER_APPICON_NAME = AppIcon;
				ASSETCATALOG_COMPILER_GLOBAL_ACCENT_COLOR_NAME = AccentColor;
				CODE_SIGN_STYLE = Automatic;
				CURRENT_PROJECT_VERSION = 1;
				GENERATE_INFOPLIST_FILE = YES;
				INFOPLIST_FILE = "Tela Login (att)/Info.plist";
				INFOPLIST_KEY_UIApplicationSupportsIndirectInputEvents = YES;
				INFOPLIST_KEY_UILaunchStoryboardName = LaunchScreen;
				INFOPLIST_KEY_UIMainStoryboardFile = Main;
				INFOPLIST_KEY_UISupportedInterfaceOrientations_iPad = "UIInterfaceOrientationPortrait UIInterfaceOrientationPortraitUpsideDown UIInterfaceOrientationLandscapeLeft UIInterfaceOrientationLandscapeRight";
				INFOPLIST_KEY_UISupportedInterfaceOrientations_iPhone = "UIInterfaceOrientationPortrait UIInterfaceOrientationLandscapeLeft UIInterfaceOrientationLandscapeRight";
				LD_RUNPATH_SEARCH_PATHS = (
					"$(inherited)",
					"@executable_path/Frameworks",
				);
				MARKETING_VERSION = 1.0;
				PRODUCT_BUNDLE_IDENTIFIER = "Thiago-Fernandes.Tela-Login--att-";
				PRODUCT_NAME = "$(TARGET_NAME)";
				SWIFT_EMIT_LOC_STRINGS = YES;
				SWIFT_VERSION = 5.0;
				TARGETED_DEVICE_FAMILY = 1;
			};
			name = Release;
		};
/* End XCBuildConfiguration section */

/* Begin XCConfigurationList section */
		36F25B0D282435A500197A54 /* Build configuration list for PBXProject "Tela Login (att)" */ = {
			isa = XCConfigurationList;
			buildConfigurations = (
				36F25B24282435A500197A54 /* Debug */,
				36F25B25282435A500197A54 /* Release */,
			);
			defaultConfigurationIsVisible = 0;
			defaultConfigurationName = Release;
		};
		36F25B26282435A500197A54 /* Build configuration list for PBXNativeTarget "Tela Login (att)" */ = {
			isa = XCConfigurationList;
			buildConfigurations = (
				36F25B27282435A500197A54 /* Debug */,
				36F25B28282435A500197A54 /* Release */,
			);
			defaultConfigurationIsVisible = 0;
			defaultConfigurationName = Release;
		};
/* End XCConfigurationList section */
	};
	rootObject = 36F25B0A282435A500197A54 /* Project object */;
}
