// !$*UTF8*$!
{
	archiveVersion = 1;
	classes = {
	};
	objectVersion = 55;
	objects = {

/* Begin PBXBuildFile section */
		360FCD7028526A38005516DC /* MYSwiftUIApp.swift in Sources */ = {isa = PBXBuildFile; fileRef = 360FCD6F28526A38005516DC /* MYSwiftUIApp.swift */; };
		360FCD7228526A38005516DC /* ContentView.swift in Sources */ = {isa = PBXBuildFile; fileRef = 360FCD7128526A38005516DC /* ContentView.swift */; };
		360FCD7428526A39005516DC /* Assets.xcassets in Resources */ = {isa = PBXBuildFile; fileRef = 360FCD7328526A39005516DC /* Assets.xcassets */; };
		360FCD7728526A39005516DC /* Preview Assets.xcassets in Resources */ = {isa = PBXBuildFile; fileRef = 360FCD7628526A39005516DC /* Preview Assets.xcassets */; };
		360FCD7E2852700A005516DC /* CircleImage.swift in Sources */ = {isa = PBXBuildFile; fileRef = 360FCD7D2852700A005516DC /* CircleImage.swift */; };
		360FCD8028527372005516DC /* MapView.swift in Sources */ = {isa = PBXBuildFile; fileRef = 360FCD7F28527372005516DC /* MapView.swift */; };
/* End PBXBuildFile section */

/* Begin PBXFileReference section */
		360FCD6C28526A38005516DC /* MYSwiftUI.app */ = {isa = PBXFileReference; explicitFileType = wrapper.application; includeInIndex = 0; path = MYSwiftUI.app; sourceTree = BUILT_PRODUCTS_DIR; };
		360FCD6F28526A38005516DC /* MYSwiftUIApp.swift */ = {isa = PBXFileReference; lastKnownFileType = sourcecode.swift; path = MYSwiftUIApp.swift; sourceTree = "<group>"; };
		360FCD7128526A38005516DC /* ContentView.swift */ = {isa = PBXFileReference; lastKnownFileType = sourcecode.swift; path = ContentView.swift; sourceTree = "<group>"; };
		360FCD7328526A39005516DC /* Assets.xcassets */ = {isa = PBXFileReference; lastKnownFileType = folder.assetcatalog; path = Assets.xcassets; sourceTree = "<group>"; };
		360FCD7628526A39005516DC /* Preview Assets.xcassets */ = {isa = PBXFileReference; lastKnownFileType = folder.assetcatalog; path = "Preview Assets.xcassets"; sourceTree = "<group>"; };
		360FCD7D2852700A005516DC /* CircleImage.swift */ = {isa = PBXFileReference; lastKnownFileType = sourcecode.swift; path = CircleImage.swift; sourceTree = "<group>"; };
		360FCD7F28527372005516DC /* MapView.swift */ = {isa = PBXFileReference; lastKnownFileType = sourcecode.swift; path = MapView.swift; sourceTree = "<group>"; };
/* End PBXFileReference section */

/* Begin PBXFrameworksBuildPhase section */
		360FCD6928526A38005516DC /* Frameworks */ = {
			isa = PBXFrameworksBuildPhase;
			buildActionMask = 2147483647;
			files = (
			);
			runOnlyForDeploymentPostprocessing = 0;
		};
/* End PBXFrameworksBuildPhase section */

/* Begin PBXGroup section */
		360FCD6328526A38005516DC = {
			isa = PBXGroup;
			children = (
				360FCD6E28526A38005516DC /* MYSwiftUI */,
				360FCD6D28526A38005516DC /* Products */,
			);
			sourceTree = "<group>";
		};
		360FCD6D28526A38005516DC /* Products */ = {
			isa = PBXGroup;
			children = (
				360FCD6C28526A38005516DC /* MYSwiftUI.app */,
			);
			name = Products;
			sourceTree = "<group>";
		};
		360FCD6E28526A38005516DC /* MYSwiftUI */ = {
			isa = PBXGroup;
			children = (
				360FCD6F28526A38005516DC /* MYSwiftUIApp.swift */,
				360FCD7128526A38005516DC /* ContentView.swift */,
				360FCD7D2852700A005516DC /* CircleImage.swift */,
				360FCD7F28527372005516DC /* MapView.swift */,
				360FCD7328526A39005516DC /* Assets.xcassets */,
				360FCD7528526A39005516DC /* Preview Content */,
			);
			path = MYSwiftUI;
			sourceTree = "<group>";
		};
		360FCD7528526A39005516DC /* Preview Content */ = {
			isa = PBXGroup;
			children = (
				360FCD7628526A39005516DC /* Preview Assets.xcassets */,
			);
			path = "Preview Content";
			sourceTree = "<group>";
		};
/* End PBXGroup section */

/* Begin PBXNativeTarget section */
		360FCD6B28526A38005516DC /* MYSwiftUI */ = {
			isa = PBXNativeTarget;
			buildConfigurationList = 360FCD7A28526A39005516DC /* Build configuration list for PBXNativeTarget "MYSwiftUI" */;
			buildPhases = (
				360FCD6828526A38005516DC /* Sources */,
				360FCD6928526A38005516DC /* Frameworks */,
				360FCD6A28526A38005516DC /* Resources */,
			);
			buildRules = (
			);
			dependencies = (
			);
			name = MYSwiftUI;
			productName = MYSwiftUI;
			productReference = 360FCD6C28526A38005516DC /* MYSwiftUI.app */;
			productType = "com.apple.product-type.application";
		};
/* End PBXNativeTarget section */

/* Begin PBXProject section */
		360FCD6428526A38005516DC /* Project object */ = {
			isa = PBXProject;
			attributes = {
				BuildIndependentTargetsInParallel = 1;
				LastSwiftUpdateCheck = 1340;
				LastUpgradeCheck = 1340;
				TargetAttributes = {
					360FCD6B28526A38005516DC = {
						CreatedOnToolsVersion = 13.4.1;
					};
				};
			};
			buildConfigurationList = 360FCD6728526A38005516DC /* Build configuration list for PBXProject "MYSwiftUI" */;
			compatibilityVersion = "Xcode 13.0";
			developmentRegion = en;
			hasScannedForEncodings = 0;
			knownRegions = (
				en,
				Base,
			);
			mainGroup = 360FCD6328526A38005516DC;
			productRefGroup = 360FCD6D28526A38005516DC /* Products */;
			projectDirPath = "";
			projectRoot = "";
			targets = (
				360FCD6B28526A38005516DC /* MYSwiftUI */,
			);
		};
/* End PBXProject section */

/* Begin PBXResourcesBuildPhase section */
		360FCD6A28526A38005516DC /* Resources */ = {
			isa = PBXResourcesBuildPhase;
			buildActionMask = 2147483647;
			files = (
				360FCD7728526A39005516DC /* Preview Assets.xcassets in Resources */,
				360FCD7428526A39005516DC /* Assets.xcassets in Resources */,
			);
			runOnlyForDeploymentPostprocessing = 0;
		};
/* End PBXResourcesBuildPhase section */

/* Begin PBXSourcesBuildPhase section */
		360FCD6828526A38005516DC /* Sources */ = {
			isa = PBXSourcesBuildPhase;
			buildActionMask = 2147483647;
			files = (
				360FCD7228526A38005516DC /* ContentView.swift in Sources */,
				360FCD8028527372005516DC /* MapView.swift in Sources */,
				360FCD7028526A38005516DC /* MYSwiftUIApp.swift in Sources */,
				360FCD7E2852700A005516DC /* CircleImage.swift in Sources */,
			);
			runOnlyForDeploymentPostprocessing = 0;
		};
/* End PBXSourcesBuildPhase section */

/* Begin XCBuildConfiguration section */
		360FCD7828526A39005516DC /* Debug */ = {
			isa = XCBuildConfiguration;
			buildSettings = {
				ALWAYS_SEARCH_USER_PATHS = NO;
				CLANG_ANALYZER_NONNULL = YES;
				CLANG_ANALYZER_NUMBER_OBJECT_CONVERSION = YES_AGGRESSIVE;
				CLANG_CXX_LANGUAGE_STANDARD = "gnu++17";
				CLANG_ENABLE_MODULES = YES;
				CLANG_ENABLE_OBJC_ARC = YES;
				CLANG_ENABLE_OBJC_WEAK = YES;
				CLANG_WARN_BLOCK_CAPTURE_AUTORELEASING = YES;
				CLANG_WARN_BOOL_CONVERSION = YES;
				CLANG_WARN_COMMA = YES;
				CLANG_WARN_CONSTANT_CONVERSION = YES;
				CLANG_WARN_DEPRECATED_OBJC_IMPLEMENTATIONS = YES;
				CLANG_WARN_DIRECT_OBJC_ISA_USAGE = YES_ERROR;
				CLANG_WARN_DOCUMENTATION_COMMENTS = YES;
				CLANG_WARN_EMPTY_BODY = YES;
				CLANG_WARN_ENUM_CONVERSION = YES;
				CLANG_WARN_INFINITE_RECURSION = YES;
				CLANG_WARN_INT_CONVERSION = YES;
				CLANG_WARN_NON_LITERAL_NULL_CONVERSION = YES;
				CLANG_WARN_OBJC_IMPLICIT_RETAIN_SELF = YES;
				CLANG_WARN_OBJC_LITERAL_CONVERSION = YES;
				CLANG_WARN_OBJC_ROOT_CLASS = YES_ERROR;
				CLANG_WARN_QUOTED_INCLUDE_IN_FRAMEWORK_HEADER = YES;
				CLANG_WARN_RANGE_LOOP_ANALYSIS = YES;
				CLANG_WARN_STRICT_PROTOTYPES = YES;
				CLANG_WARN_SUSPICIOUS_MOVE = YES;
				CLANG_WARN_UNGUARDED_AVAILABILITY = YES_AGGRESSIVE;
				CLANG_WARN_UNREACHABLE_CODE = YES;
				CLANG_WARN__DUPLICATE_METHOD_MATCH = YES;
				COPY_PHASE_STRIP = NO;
				DEBUG_INFORMATION_FORMAT = dwarf;
				ENABLE_STRICT_OBJC_MSGSEND = YES;
				ENABLE_TESTABILITY = YES;
				GCC_C_LANGUAGE_STANDARD = gnu11;
				GCC_DYNAMIC_NO_PIC = NO;
				GCC_NO_COMMON_BLOCKS = YES;
				GCC_OPTIMIZATION_LEVEL = 0;
				GCC_PREPROCESSOR_DEFINITIONS = (
					"DEBUG=1",
					"$(inherited)",
				);
				GCC_WARN_64_TO_32_BIT_CONVERSION = YES;
				GCC_WARN_ABOUT_RETURN_TYPE = YES_ERROR;
				GCC_WARN_UNDECLARED_SELECTOR = YES;
				GCC_WARN_UNINITIALIZED_AUTOS = YES_AGGRESSIVE;
				GCC_WARN_UNUSED_FUNCTION = YES;
				GCC_WARN_UNUSED_VARIABLE = YES;
				IPHONEOS_DEPLOYMENT_TARGET = 15.5;
				MTL_ENABLE_DEBUG_INFO = INCLUDE_SOURCE;
				MTL_FAST_MATH = YES;
				ONLY_ACTIVE_ARCH = YES;
				SDKROOT = iphoneos;
				SWIFT_ACTIVE_COMPILATION_CONDITIONS = DEBUG;
				SWIFT_OPTIMIZATION_LEVEL = "-Onone";
			};
			name = Debug;
		};
		360FCD7928526A39005516DC /* Release */ = {
			isa = XCBuildConfiguration;
			buildSettings = {
				ALWAYS_SEARCH_USER_PATHS = NO;
				CLANG_ANALYZER_NONNULL = YES;
				CLANG_ANALYZER_NUMBER_OBJECT_CONVERSION = YES_AGGRESSIVE;
				CLANG_CXX_LANGUAGE_STANDARD = "gnu++17";
				CLANG_ENABLE_MODULES = YES;
				CLANG_ENABLE_OBJC_ARC = YES;
				CLANG_ENABLE_OBJC_WEAK = YES;
				CLANG_WARN_BLOCK_CAPTURE_AUTORELEASING = YES;
				CLANG_WARN_BOOL_CONVERSION = YES;
				CLANG_WARN_COMMA = YES;
				CLANG_WARN_CONSTANT_CONVERSION = YES;
				CLANG_WARN_DEPRECATED_OBJC_IMPLEMENTATIONS = YES;
				CLANG_WARN_DIRECT_OBJC_ISA_USAGE = YES_ERROR;
				CLANG_WARN_DOCUMENTATION_COMMENTS = YES;
				CLANG_WARN_EMPTY_BODY = YES;
				CLANG_WARN_ENUM_CONVERSION = YES;
				CLANG_WARN_INFINITE_RECURSION = YES;
				CLANG_WARN_INT_CONVERSION = YES;
				CLANG_WARN_NON_LITERAL_NULL_CONVERSION = YES;
				CLANG_WARN_OBJC_IMPLICIT_RETAIN_SELF = YES;
				CLANG_WARN_OBJC_LITERAL_CONVERSION = YES;
				CLANG_WARN_OBJC_ROOT_CLASS = YES_ERROR;
				CLANG_WARN_QUOTED_INCLUDE_IN_FRAMEWORK_HEADER = YES;
				CLANG_WARN_RANGE_LOOP_ANALYSIS = YES;
				CLANG_WARN_STRICT_PROTOTYPES = YES;
				CLANG_WARN_SUSPICIOUS_MOVE = YES;
				CLANG_WARN_UNGUARDED_AVAILABILITY = YES_AGGRESSIVE;
				CLANG_WARN_UNREACHABLE_CODE = YES;
				CLANG_WARN__DUPLICATE_METHOD_MATCH = YES;
				COPY_PHASE_STRIP = NO;
				DEBUG_INFORMATION_FORMAT = "dwarf-with-dsym";
				ENABLE_NS_ASSERTIONS = NO;
				ENABLE_STRICT_OBJC_MSGSEND = YES;
				GCC_C_LANGUAGE_STANDARD = gnu11;
				GCC_NO_COMMON_BLOCKS = YES;
				GCC_WARN_64_TO_32_BIT_CONVERSION = YES;
				GCC_WARN_ABOUT_RETURN_TYPE = YES_ERROR;
				GCC_WARN_UNDECLARED_SELECTOR = YES;
				GCC_WARN_UNINITIALIZED_AUTOS = YES_AGGRESSIVE;
				GCC_WARN_UNUSED_FUNCTION = YES;
				GCC_WARN_UNUSED_VARIABLE = YES;
				IPHONEOS_DEPLOYMENT_TARGET = 15.5;
				MTL_ENABLE_DEBUG_INFO = NO;
				MTL_FAST_MATH = YES;
				SDKROOT = iphoneos;
				SWIFT_COMPILATION_MODE = wholemodule;
				SWIFT_OPTIMIZATION_LEVEL = "-O";
				VALIDATE_PRODUCT = YES;
			};
			name = Release;
		};
		360FCD7B28526A39005516DC /* Debug */ = {
			isa = XCBuildConfiguration;
			buildSettings = {
				ASSETCATALOG_COMPILER_APPICON_NAME = AppIcon;
				ASSETCATALOG_COMPILER_GLOBAL_ACCENT_COLOR_NAME = AccentColor;
				CODE_SIGN_STYLE = Automatic;
				CURRENT_PROJECT_VERSION = 1;
				DEVELOPMENT_ASSET_PATHS = "\"MYSwiftUI/Preview Content\"";
				ENABLE_PREVIEWS = YES;
				GENERATE_INFOPLIST_FILE = YES;
				INFOPLIST_KEY_UIApplicationSceneManifest_Generation = YES;
				INFOPLIST_KEY_UIApplicationSupportsIndirectInputEvents = YES;
				INFOPLIST_KEY_UILaunchScreen_Generation = YES;
				INFOPLIST_KEY_UISupportedInterfaceOrientations_iPad = "UIInterfaceOrientationPortrait UIInterfaceOrientationPortraitUpsideDown UIInterfaceOrientationLandscapeLeft UIInterfaceOrientationLandscapeRight";
				INFOPLIST_KEY_UISupportedInterfaceOrientations_iPhone = "UIInterfaceOrientationPortrait UIInterfaceOrientationLandscapeLeft UIInterfaceOrientationLandscapeRight";
				LD_RUNPATH_SEARCH_PATHS = (
					"$(inherited)",
					"@executable_path/Frameworks",
				);
				MARKETING_VERSION = 1.0;
				PRODUCT_BUNDLE_IDENTIFIER = "Thiago-Fernandes.MYSwiftUI";
				PRODUCT_NAME = "$(TARGET_NAME)";
				SWIFT_EMIT_LOC_STRINGS = YES;
				SWIFT_VERSION = 5.0;
				TARGETED_DEVICE_FAMILY = "1,2";
			};
			name = Debug;
		};
		360FCD7C28526A39005516DC /* Release */ = {
			isa = XCBuildConfiguration;
			buildSettings = {
				ASSETCATALOG_COMPILER_APPICON_NAME = AppIcon;
				ASSETCATALOG_COMPILER_GLOBAL_ACCENT_COLOR_NAME = AccentColor;
				CODE_SIGN_STYLE = Automatic;
				CURRENT_PROJECT_VERSION = 1;
				DEVELOPMENT_ASSET_PATHS = "\"MYSwiftUI/Preview Content\"";
				ENABLE_PREVIEWS = YES;
				GENERATE_INFOPLIST_FILE = YES;
				INFOPLIST_KEY_UIApplicationSceneManifest_Generation = YES;
				INFOPLIST_KEY_UIApplicationSupportsIndirectInputEvents = YES;
				INFOPLIST_KEY_UILaunchScreen_Generation = YES;
				INFOPLIST_KEY_UISupportedInterfaceOrientations_iPad = "UIInterfaceOrientationPortrait UIInterfaceOrientationPortraitUpsideDown UIInterfaceOrientationLandscapeLeft UIInterfaceOrientationLandscapeRight";
				INFOPLIST_KEY_UISupportedInterfaceOrientations_iPhone = "UIInterfaceOrientationPortrait UIInterfaceOrientationLandscapeLeft UIInterfaceOrientationLandscapeRight";
				LD_RUNPATH_SEARCH_PATHS = (
					"$(inherited)",
					"@executable_path/Frameworks",
				);
				MARKETING_VERSION = 1.0;
				PRODUCT_BUNDLE_IDENTIFIER = "Thiago-Fernandes.MYSwiftUI";
				PRODUCT_NAME = "$(TARGET_NAME)";
				SWIFT_EMIT_LOC_STRINGS = YES;
				SWIFT_VERSION = 5.0;
				TARGETED_DEVICE_FAMILY = "1,2";
			};
			name = Release;
		};
/* End XCBuildConfiguration section */

/* Begin XCConfigurationList section */
		360FCD6728526A38005516DC /* Build configuration list for PBXProject "MYSwiftUI" */ = {
			isa = XCConfigurationList;
			buildConfigurations = (
				360FCD7828526A39005516DC /* Debug */,
				360FCD7928526A39005516DC /* Release */,
			);
			defaultConfigurationIsVisible = 0;
			defaultConfigurationName = Release;
		};
		360FCD7A28526A39005516DC /* Build configuration list for PBXNativeTarget "MYSwiftUI" */ = {
			isa = XCConfigurationList;
			buildConfigurations = (
				360FCD7B28526A39005516DC /* Debug */,
				360FCD7C28526A39005516DC /* Release */,
			);
			defaultConfigurationIsVisible = 0;
			defaultConfigurationName = Release;
		};
/* End XCConfigurationList section */
	};
	rootObject = 360FCD6428526A38005516DC /* Project object */;
}
