// !$*UTF8*$!
{
	archiveVersion = 1;
	classes = {
	};
	objectVersion = 55;
	objects = {

/* Begin PBXBuildFile section */
		1D1BC808281C97A200B0B200 /* TableViewCell.swift in Sources */ = {isa = PBXBuildFile; fileRef = 1D1BC806281C97A200B0B200 /* TableViewCell.swift */; };
		1D1BC809281C97A200B0B200 /* TableViewCell.xib in Resources */ = {isa = PBXBuildFile; fileRef = 1D1BC807281C97A200B0B200 /* TableViewCell.xib */; };
		368DE3D0281ACD6200B58372 /* AppDelegate.swift in Sources */ = {isa = PBXBuildFile; fileRef = 368DE3CF281ACD6200B58372 /* AppDelegate.swift */; };
		368DE3D2281ACD6200B58372 /* SceneDelegate.swift in Sources */ = {isa = PBXBuildFile; fileRef = 368DE3D1281ACD6200B58372 /* SceneDelegate.swift */; };
		368DE3D4281ACD6200B58372 /* ViewController.swift in Sources */ = {isa = PBXBuildFile; fileRef = 368DE3D3281ACD6200B58372 /* ViewController.swift */; };
		368DE3D7281ACD6200B58372 /* Main.storyboard in Resources */ = {isa = PBXBuildFile; fileRef = 368DE3D5281ACD6200B58372 /* Main.storyboard */; };
		368DE3D9281ACD6300B58372 /* Assets.xcassets in Resources */ = {isa = PBXBuildFile; fileRef = 368DE3D8281ACD6300B58372 /* Assets.xcassets */; };
		368DE3DC281ACD6300B58372 /* LaunchScreen.storyboard in Resources */ = {isa = PBXBuildFile; fileRef = 368DE3DA281ACD6300B58372 /* LaunchScreen.storyboard */; };
		36DF2330281B01070066FC9C /* RegisterScreen.swift in Sources */ = {isa = PBXBuildFile; fileRef = 36DF232F281B01070066FC9C /* RegisterScreen.swift */; };
		36DF2332281B02DB0066FC9C /* PersonalData.swift in Sources */ = {isa = PBXBuildFile; fileRef = 36DF2331281B02DB0066FC9C /* PersonalData.swift */; };
/* End PBXBuildFile section */

/* Begin PBXFileReference section */
		1D1BC806281C97A200B0B200 /* TableViewCell.swift */ = {isa = PBXFileReference; lastKnownFileType = sourcecode.swift; path = TableViewCell.swift; sourceTree = "<group>"; };
		1D1BC807281C97A200B0B200 /* TableViewCell.xib */ = {isa = PBXFileReference; lastKnownFileType = file.xib; path = TableViewCell.xib; sourceTree = "<group>"; };
		368DE3CC281ACD6200B58372 /* Desafio.app */ = {isa = PBXFileReference; explicitFileType = wrapper.application; includeInIndex = 0; path = Desafio.app; sourceTree = BUILT_PRODUCTS_DIR; };
		368DE3CF281ACD6200B58372 /* AppDelegate.swift */ = {isa = PBXFileReference; lastKnownFileType = sourcecode.swift; path = AppDelegate.swift; sourceTree = "<group>"; };
		368DE3D1281ACD6200B58372 /* SceneDelegate.swift */ = {isa = PBXFileReference; lastKnownFileType = sourcecode.swift; path = SceneDelegate.swift; sourceTree = "<group>"; };
		368DE3D3281ACD6200B58372 /* ViewController.swift */ = {isa = PBXFileReference; lastKnownFileType = sourcecode.swift; path = ViewController.swift; sourceTree = "<group>"; };
		368DE3D6281ACD6200B58372 /* Base */ = {isa = PBXFileReference; lastKnownFileType = file.storyboard; name = Base; path = Base.lproj/Main.storyboard; sourceTree = "<group>"; };
		368DE3D8281ACD6300B58372 /* Assets.xcassets */ = {isa = PBXFileReference; lastKnownFileType = folder.assetcatalog; path = Assets.xcassets; sourceTree = "<group>"; };
		368DE3DB281ACD6300B58372 /* Base */ = {isa = PBXFileReference; lastKnownFileType = file.storyboard; name = Base; path = Base.lproj/LaunchScreen.storyboard; sourceTree = "<group>"; };
		368DE3DD281ACD6300B58372 /* Info.plist */ = {isa = PBXFileReference; lastKnownFileType = text.plist.xml; path = Info.plist; sourceTree = "<group>"; };
		36DF232F281B01070066FC9C /* RegisterScreen.swift */ = {isa = PBXFileReference; lastKnownFileType = sourcecode.swift; path = RegisterScreen.swift; sourceTree = "<group>"; };
		36DF2331281B02DB0066FC9C /* PersonalData.swift */ = {isa = PBXFileReference; lastKnownFileType = sourcecode.swift; path = PersonalData.swift; sourceTree = "<group>"; };
/* End PBXFileReference section */

/* Begin PBXFrameworksBuildPhase section */
		368DE3C9281ACD6200B58372 /* Frameworks */ = {
			isa = PBXFrameworksBuildPhase;
			buildActionMask = 2147483647;
			files = (
			);
			runOnlyForDeploymentPostprocessing = 0;
		};
/* End PBXFrameworksBuildPhase section */

/* Begin PBXGroup section */
		368DE3C3281ACD6200B58372 = {
			isa = PBXGroup;
			children = (
				368DE3CE281ACD6200B58372 /* Desafio */,
				368DE3CD281ACD6200B58372 /* Products */,
			);
			sourceTree = "<group>";
		};
		368DE3CD281ACD6200B58372 /* Products */ = {
			isa = PBXGroup;
			children = (
				368DE3CC281ACD6200B58372 /* Desafio.app */,
			);
			name = Products;
			sourceTree = "<group>";
		};
		368DE3CE281ACD6200B58372 /* Desafio */ = {
			isa = PBXGroup;
			children = (
				368DE3CF281ACD6200B58372 /* AppDelegate.swift */,
				368DE3D1281ACD6200B58372 /* SceneDelegate.swift */,
				368DE3D3281ACD6200B58372 /* ViewController.swift */,
				36DF232F281B01070066FC9C /* RegisterScreen.swift */,
				36DF2331281B02DB0066FC9C /* PersonalData.swift */,
				1D1BC806281C97A200B0B200 /* TableViewCell.swift */,
				1D1BC807281C97A200B0B200 /* TableViewCell.xib */,
				368DE3D5281ACD6200B58372 /* Main.storyboard */,
				368DE3D8281ACD6300B58372 /* Assets.xcassets */,
				368DE3DA281ACD6300B58372 /* LaunchScreen.storyboard */,
				368DE3DD281ACD6300B58372 /* Info.plist */,
			);
			path = Desafio;
			sourceTree = "<group>";
		};
/* End PBXGroup section */

/* Begin PBXNativeTarget section */
		368DE3CB281ACD6200B58372 /* Desafio */ = {
			isa = PBXNativeTarget;
			buildConfigurationList = 368DE3E0281ACD6300B58372 /* Build configuration list for PBXNativeTarget "Desafio" */;
			buildPhases = (
				368DE3C8281ACD6200B58372 /* Sources */,
				368DE3C9281ACD6200B58372 /* Frameworks */,
				368DE3CA281ACD6200B58372 /* Resources */,
			);
			buildRules = (
			);
			dependencies = (
			);
			name = Desafio;
			productName = Desafio;
			productReference = 368DE3CC281ACD6200B58372 /* Desafio.app */;
			productType = "com.apple.product-type.application";
		};
/* End PBXNativeTarget section */

/* Begin PBXProject section */
		368DE3C4281ACD6200B58372 /* Project object */ = {
			isa = PBXProject;
			attributes = {
				BuildIndependentTargetsInParallel = 1;
				LastSwiftUpdateCheck = 1330;
				LastUpgradeCheck = 1330;
				TargetAttributes = {
					368DE3CB281ACD6200B58372 = {
						CreatedOnToolsVersion = 13.3.1;
					};
				};
			};
			buildConfigurationList = 368DE3C7281ACD6200B58372 /* Build configuration list for PBXProject "Desafio" */;
			compatibilityVersion = "Xcode 13.0";
			developmentRegion = en;
			hasScannedForEncodings = 0;
			knownRegions = (
				en,
				Base,
			);
			mainGroup = 368DE3C3281ACD6200B58372;
			productRefGroup = 368DE3CD281ACD6200B58372 /* Products */;
			projectDirPath = "";
			projectRoot = "";
			targets = (
				368DE3CB281ACD6200B58372 /* Desafio */,
			);
		};
/* End PBXProject section */

/* Begin PBXResourcesBuildPhase section */
		368DE3CA281ACD6200B58372 /* Resources */ = {
			isa = PBXResourcesBuildPhase;
			buildActionMask = 2147483647;
			files = (
				368DE3DC281ACD6300B58372 /* LaunchScreen.storyboard in Resources */,
				1D1BC809281C97A200B0B200 /* TableViewCell.xib in Resources */,
				368DE3D9281ACD6300B58372 /* Assets.xcassets in Resources */,
				368DE3D7281ACD6200B58372 /* Main.storyboard in Resources */,
			);
			runOnlyForDeploymentPostprocessing = 0;
		};
/* End PBXResourcesBuildPhase section */

/* Begin PBXSourcesBuildPhase section */
		368DE3C8281ACD6200B58372 /* Sources */ = {
			isa = PBXSourcesBuildPhase;
			buildActionMask = 2147483647;
			files = (
				36DF2330281B01070066FC9C /* RegisterScreen.swift in Sources */,
				368DE3D4281ACD6200B58372 /* ViewController.swift in Sources */,
				368DE3D0281ACD6200B58372 /* AppDelegate.swift in Sources */,
				1D1BC808281C97A200B0B200 /* TableViewCell.swift in Sources */,
				368DE3D2281ACD6200B58372 /* SceneDelegate.swift in Sources */,
				36DF2332281B02DB0066FC9C /* PersonalData.swift in Sources */,
			);
			runOnlyForDeploymentPostprocessing = 0;
		};
/* End PBXSourcesBuildPhase section */

/* Begin PBXVariantGroup section */
		368DE3D5281ACD6200B58372 /* Main.storyboard */ = {
			isa = PBXVariantGroup;
			children = (
				368DE3D6281ACD6200B58372 /* Base */,
			);
			name = Main.storyboard;
			sourceTree = "<group>";
		};
		368DE3DA281ACD6300B58372 /* LaunchScreen.storyboard */ = {
			isa = PBXVariantGroup;
			children = (
				368DE3DB281ACD6300B58372 /* Base */,
			);
			name = LaunchScreen.storyboard;
			sourceTree = "<group>";
		};
/* End PBXVariantGroup section */

/* Begin XCBuildConfiguration section */
		368DE3DE281ACD6300B58372 /* Debug */ = {
			isa = XCBuildConfiguration;
			buildSettings = {
				ALWAYS_SEARCH_USER_PATHS = NO;
				CLANG_ANALYZER_NONNULL = YES;
				CLANG_ANALYZER_NUMBER_OBJECT_CONVERSION = YES_AGGRESSIVE;
				CLANG_CXX_LANGUAGE_STANDARD = "gnu++17";
				CLANG_ENABLE_MODULES = YES;
				CLANG_ENABLE_OBJC_ARC = YES;
				CLANG_ENABLE_OBJC_WEAK = YES;
				CLANG_WARN_BLOCK_CAPTURE_AUTORELEASING = YES;
				CLANG_WARN_BOOL_CONVERSION = YES;
				CLANG_WARN_COMMA = YES;
				CLANG_WARN_CONSTANT_CONVERSION = YES;
				CLANG_WARN_DEPRECATED_OBJC_IMPLEMENTATIONS = YES;
				CLANG_WARN_DIRECT_OBJC_ISA_USAGE = YES_ERROR;
				CLANG_WARN_DOCUMENTATION_COMMENTS = YES;
				CLANG_WARN_EMPTY_BODY = YES;
				CLANG_WARN_ENUM_CONVERSION = YES;
				CLANG_WARN_INFINITE_RECURSION = YES;
				CLANG_WARN_INT_CONVERSION = YES;
				CLANG_WARN_NON_LITERAL_NULL_CONVERSION = YES;
				CLANG_WARN_OBJC_IMPLICIT_RETAIN_SELF = YES;
				CLANG_WARN_OBJC_LITERAL_CONVERSION = YES;
				CLANG_WARN_OBJC_ROOT_CLASS = YES_ERROR;
				CLANG_WARN_QUOTED_INCLUDE_IN_FRAMEWORK_HEADER = YES;
				CLANG_WARN_RANGE_LOOP_ANALYSIS = YES;
				CLANG_WARN_STRICT_PROTOTYPES = YES;
				CLANG_WARN_SUSPICIOUS_MOVE = YES;
				CLANG_WARN_UNGUARDED_AVAILABILITY = YES_AGGRESSIVE;
				CLANG_WARN_UNREACHABLE_CODE = YES;
				CLANG_WARN__DUPLICATE_METHOD_MATCH = YES;
				COPY_PHASE_STRIP = NO;
				DEBUG_INFORMATION_FORMAT = dwarf;
				ENABLE_STRICT_OBJC_MSGSEND = YES;
				ENABLE_TESTABILITY = YES;
				GCC_C_LANGUAGE_STANDARD = gnu11;
				GCC_DYNAMIC_NO_PIC = NO;
				GCC_NO_COMMON_BLOCKS = YES;
				GCC_OPTIMIZATION_LEVEL = 0;
				GCC_PREPROCESSOR_DEFINITIONS = (
					"DEBUG=1",
					"$(inherited)",
				);
				GCC_WARN_64_TO_32_BIT_CONVERSION = YES;
				GCC_WARN_ABOUT_RETURN_TYPE = YES_ERROR;
				GCC_WARN_UNDECLARED_SELECTOR = YES;
				GCC_WARN_UNINITIALIZED_AUTOS = YES_AGGRESSIVE;
				GCC_WARN_UNUSED_FUNCTION = YES;
				GCC_WARN_UNUSED_VARIABLE = YES;
				IPHONEOS_DEPLOYMENT_TARGET = 15.4;
				MTL_ENABLE_DEBUG_INFO = INCLUDE_SOURCE;
				MTL_FAST_MATH = YES;
				ONLY_ACTIVE_ARCH = YES;
				SDKROOT = iphoneos;
				SWIFT_ACTIVE_COMPILATION_CONDITIONS = DEBUG;
				SWIFT_OPTIMIZATION_LEVEL = "-Onone";
			};
			name = Debug;
		};
		368DE3DF281ACD6300B58372 /* Release */ = {
			isa = XCBuildConfiguration;
			buildSettings = {
				ALWAYS_SEARCH_USER_PATHS = NO;
				CLANG_ANALYZER_NONNULL = YES;
				CLANG_ANALYZER_NUMBER_OBJECT_CONVERSION = YES_AGGRESSIVE;
				CLANG_CXX_LANGUAGE_STANDARD = "gnu++17";
				CLANG_ENABLE_MODULES = YES;
				CLANG_ENABLE_OBJC_ARC = YES;
				CLANG_ENABLE_OBJC_WEAK = YES;
				CLANG_WARN_BLOCK_CAPTURE_AUTORELEASING = YES;
				CLANG_WARN_BOOL_CONVERSION = YES;
				CLANG_WARN_COMMA = YES;
				CLANG_WARN_CONSTANT_CONVERSION = YES;
				CLANG_WARN_DEPRECATED_OBJC_IMPLEMENTATIONS = YES;
				CLANG_WARN_DIRECT_OBJC_ISA_USAGE = YES_ERROR;
				CLANG_WARN_DOCUMENTATION_COMMENTS = YES;
				CLANG_WARN_EMPTY_BODY = YES;
				CLANG_WARN_ENUM_CONVERSION = YES;
				CLANG_WARN_INFINITE_RECURSION = YES;
				CLANG_WARN_INT_CONVERSION = YES;
				CLANG_WARN_NON_LITERAL_NULL_CONVERSION = YES;
				CLANG_WARN_OBJC_IMPLICIT_RETAIN_SELF = YES;
				CLANG_WARN_OBJC_LITERAL_CONVERSION = YES;
				CLANG_WARN_OBJC_ROOT_CLASS = YES_ERROR;
				CLANG_WARN_QUOTED_INCLUDE_IN_FRAMEWORK_HEADER = YES;
				CLANG_WARN_RANGE_LOOP_ANALYSIS = YES;
				CLANG_WARN_STRICT_PROTOTYPES = YES;
				CLANG_WARN_SUSPICIOUS_MOVE = YES;
				CLANG_WARN_UNGUARDED_AVAILABILITY = YES_AGGRESSIVE;
				CLANG_WARN_UNREACHABLE_CODE = YES;
				CLANG_WARN__DUPLICATE_METHOD_MATCH = YES;
				COPY_PHASE_STRIP = NO;
				DEBUG_INFORMATION_FORMAT = "dwarf-with-dsym";
				ENABLE_NS_ASSERTIONS = NO;
				ENABLE_STRICT_OBJC_MSGSEND = YES;
				GCC_C_LANGUAGE_STANDARD = gnu11;
				GCC_NO_COMMON_BLOCKS = YES;
				GCC_WARN_64_TO_32_BIT_CONVERSION = YES;
				GCC_WARN_ABOUT_RETURN_TYPE = YES_ERROR;
				GCC_WARN_UNDECLARED_SELECTOR = YES;
				GCC_WARN_UNINITIALIZED_AUTOS = YES_AGGRESSIVE;
				GCC_WARN_UNUSED_FUNCTION = YES;
				GCC_WARN_UNUSED_VARIABLE = YES;
				IPHONEOS_DEPLOYMENT_TARGET = 15.4;
				MTL_ENABLE_DEBUG_INFO = NO;
				MTL_FAST_MATH = YES;
				SDKROOT = iphoneos;
				SWIFT_COMPILATION_MODE = wholemodule;
				SWIFT_OPTIMIZATION_LEVEL = "-O";
				VALIDATE_PRODUCT = YES;
			};
			name = Release;
		};
		368DE3E1281ACD6300B58372 /* Debug */ = {
			isa = XCBuildConfiguration;
			buildSettings = {
				ASSETCATALOG_COMPILER_APPICON_NAME = AppIcon;
				ASSETCATALOG_COMPILER_GLOBAL_ACCENT_COLOR_NAME = AccentColor;
				CODE_SIGN_STYLE = Automatic;
				CURRENT_PROJECT_VERSION = 1;
				GENERATE_INFOPLIST_FILE = YES;
				INFOPLIST_FILE = Desafio/Info.plist;
				INFOPLIST_KEY_UIApplicationSupportsIndirectInputEvents = YES;
				INFOPLIST_KEY_UILaunchStoryboardName = LaunchScreen;
				INFOPLIST_KEY_UIMainStoryboardFile = Main;
				INFOPLIST_KEY_UISupportedInterfaceOrientations_iPad = "UIInterfaceOrientationPortrait UIInterfaceOrientationPortraitUpsideDown UIInterfaceOrientationLandscapeLeft UIInterfaceOrientationLandscapeRight";
				INFOPLIST_KEY_UISupportedInterfaceOrientations_iPhone = "UIInterfaceOrientationPortrait UIInterfaceOrientationLandscapeLeft UIInterfaceOrientationLandscapeRight";
				LD_RUNPATH_SEARCH_PATHS = (
					"$(inherited)",
					"@executable_path/Frameworks",
				);
				MARKETING_VERSION = 1.0;
				PRODUCT_BUNDLE_IDENTIFIER = "Thiago-Fernandes.Desafio";
				PRODUCT_NAME = "$(TARGET_NAME)";
				SWIFT_EMIT_LOC_STRINGS = YES;
				SWIFT_VERSION = 5.0;
				TARGETED_DEVICE_FAMILY = "1,2";
			};
			name = Debug;
		};
		368DE3E2281ACD6300B58372 /* Release */ = {
			isa = XCBuildConfiguration;
			buildSettings = {
				ASSETCATALOG_COMPILER_APPICON_NAME = AppIcon;
				ASSETCATALOG_COMPILER_GLOBAL_ACCENT_COLOR_NAME = AccentColor;
				CODE_SIGN_STYLE = Automatic;
				CURRENT_PROJECT_VERSION = 1;
				GENERATE_INFOPLIST_FILE = YES;
				INFOPLIST_FILE = Desafio/Info.plist;
				INFOPLIST_KEY_UIApplicationSupportsIndirectInputEvents = YES;
				INFOPLIST_KEY_UILaunchStoryboardName = LaunchScreen;
				INFOPLIST_KEY_UIMainStoryboardFile = Main;
				INFOPLIST_KEY_UISupportedInterfaceOrientations_iPad = "UIInterfaceOrientationPortrait UIInterfaceOrientationPortraitUpsideDown UIInterfaceOrientationLandscapeLeft UIInterfaceOrientationLandscapeRight";
				INFOPLIST_KEY_UISupportedInterfaceOrientations_iPhone = "UIInterfaceOrientationPortrait UIInterfaceOrientationLandscapeLeft UIInterfaceOrientationLandscapeRight";
				LD_RUNPATH_SEARCH_PATHS = (
					"$(inherited)",
					"@executable_path/Frameworks",
				);
				MARKETING_VERSION = 1.0;
				PRODUCT_BUNDLE_IDENTIFIER = "Thiago-Fernandes.Desafio";
				PRODUCT_NAME = "$(TARGET_NAME)";
				SWIFT_EMIT_LOC_STRINGS = YES;
				SWIFT_VERSION = 5.0;
				TARGETED_DEVICE_FAMILY = "1,2";
			};
			name = Release;
		};
/* End XCBuildConfiguration section */

/* Begin XCConfigurationList section */
		368DE3C7281ACD6200B58372 /* Build configuration list for PBXProject "Desafio" */ = {
			isa = XCConfigurationList;
			buildConfigurations = (
				368DE3DE281ACD6300B58372 /* Debug */,
				368DE3DF281ACD6300B58372 /* Release */,
			);
			defaultConfigurationIsVisible = 0;
			defaultConfigurationName = Release;
		};
		368DE3E0281ACD6300B58372 /* Build configuration list for PBXNativeTarget "Desafio" */ = {
			isa = XCConfigurationList;
			buildConfigurations = (
				368DE3E1281ACD6300B58372 /* Debug */,
				368DE3E2281ACD6300B58372 /* Release */,
			);
			defaultConfigurationIsVisible = 0;
			defaultConfigurationName = Release;
		};
/* End XCConfigurationList section */
	};
	rootObject = 368DE3C4281ACD6200B58372 /* Project object */;
}
